
Microsoft Visual Studio Solution File, Format Version 12.00
# Visual Studio Version 17
VisualStudioVersion = 17.11.35312.102
MinimumVisualStudioVersion = 10.0.40219.1
Project("{9A19103F-16F7-4668-BE54-9A1E7A4F7556}") = "CartServiceConsoleApp", "ECommerceApp\CartServiceConsoleApp.csproj", "{EC0EC743-7104-4894-AD21-F7A1D0302A11}"
EndProject
Project("{9A19103F-16F7-4668-BE54-9A1E7A4F7556}") = "CartServiceConsoleAppTests", "CartServiceConsoleAppTests\CartServiceConsoleAppTests.csproj", "{4E76F698-AC8F-43E4-9FED-307F01180DB6}"
EndProject
Project("{9A19103F-16F7-4668-BE54-9A1E7A4F7556}") = "CartServiceWebApi", "CartServiceWebApi\CartServiceWebApi.csproj", "{AEDF4BE8-63D9-42EE-8508-73999243655A}"
EndProject
Project("{2150E333-8FDC-42A3-9474-1A3956D46DE8}") = "CatalogService", "CatalogService", "{10A2F077-039D-4D43-8D21-74FD39502DEF}"
EndProject
Project("{9A19103F-16F7-4668-BE54-9A1E7A4F7556}") = "CatalogService.Domain", "CatalogService.Domain\CatalogService.Domain.csproj", "{B6F34C08-4556-4CA1-A5D2-E1AAE0DB6C46}"
EndProject
Project("{9A19103F-16F7-4668-BE54-9A1E7A4F7556}") = "CatalogService.Application", "CatalogService.Application\CatalogService.Application.csproj", "{F6B1D882-756A-4EB5-9D23-EC40DE96ADC2}"
EndProject
Project("{9A19103F-16F7-4668-BE54-9A1E7A4F7556}") = "CatalogService.DataAccess", "CatalogService.DataAccess\CatalogService.DataAccess.csproj", "{04CBCEA9-F4DA-42A1-B3EF-CD0BD2062C38}"
EndProject
Project("{9A19103F-16F7-4668-BE54-9A1E7A4F7556}") = "CatalogService.Api", "CatalogService.Api\CatalogService.Api.csproj", "{FBC9FBDC-4867-42BC-9C31-37E2831C8BB5}"
EndProject
Project("{9A19103F-16F7-4668-BE54-9A1E7A4F7556}") = "CatalogService.Tests", "CatalogService.Tests\CatalogService.Tests.csproj", "{64E6ED8B-8E8A-4FFF-9CF0-F692AE7EACA2}"
EndProject
Project("{9A19103F-16F7-4668-BE54-9A1E7A4F7556}") = "CatalogService.Infrastructure", "CatalogService.Infrastructure\CatalogService.Infrastructure.csproj", "{ABC476ED-C25E-414C-80F1-D82678B693A8}"
EndProject
Project("{2150E333-8FDC-42A3-9474-1A3956D46DE8}") = "05_restful_api", "05_restful_api", "{06CB5C9B-838A-46E4-BC3E-C1FB95C9E063}"
EndProject
Project("{FAE04EC0-301F-11D3-BF4B-00C04F79EFBC}") = "RestApi", "RestApi\RestApi.csproj", "{4A925461-7005-44CA-A155-B15C73CAD38C}"
EndProject
Project("{FAE04EC0-301F-11D3-BF4B-00C04F79EFBC}") = "RestApiTests", "RestApiTests\RestApiTests.csproj", "{FCE90B4C-B5D2-455A-8871-CD9BA3EFFFE8}"
EndProject
Global
	GlobalSection(SolutionConfigurationPlatforms) = preSolution
		Debug|Any CPU = Debug|Any CPU
		Release|Any CPU = Release|Any CPU
	EndGlobalSection
	GlobalSection(ProjectConfigurationPlatforms) = postSolution
		{EC0EC743-7104-4894-AD21-F7A1D0302A11}.Debug|Any CPU.ActiveCfg = Debug|Any CPU
		{EC0EC743-7104-4894-AD21-F7A1D0302A11}.Debug|Any CPU.Build.0 = Debug|Any CPU
		{EC0EC743-7104-4894-AD21-F7A1D0302A11}.Release|Any CPU.ActiveCfg = Release|Any CPU
		{EC0EC743-7104-4894-AD21-F7A1D0302A11}.Release|Any CPU.Build.0 = Release|Any CPU
		{4E76F698-AC8F-43E4-9FED-307F01180DB6}.Debug|Any CPU.ActiveCfg = Debug|Any CPU
		{4E76F698-AC8F-43E4-9FED-307F01180DB6}.Debug|Any CPU.Build.0 = Debug|Any CPU
		{4E76F698-AC8F-43E4-9FED-307F01180DB6}.Release|Any CPU.ActiveCfg = Release|Any CPU
		{4E76F698-AC8F-43E4-9FED-307F01180DB6}.Release|Any CPU.Build.0 = Release|Any CPU
		{AEDF4BE8-63D9-42EE-8508-73999243655A}.Debug|Any CPU.ActiveCfg = Debug|Any CPU
		{AEDF4BE8-63D9-42EE-8508-73999243655A}.Debug|Any CPU.Build.0 = Debug|Any CPU
		{AEDF4BE8-63D9-42EE-8508-73999243655A}.Release|Any CPU.ActiveCfg = Release|Any CPU
		{AEDF4BE8-63D9-42EE-8508-73999243655A}.Release|Any CPU.Build.0 = Release|Any CPU
		{B6F34C08-4556-4CA1-A5D2-E1AAE0DB6C46}.Debug|Any CPU.ActiveCfg = Debug|Any CPU
		{B6F34C08-4556-4CA1-A5D2-E1AAE0DB6C46}.Debug|Any CPU.Build.0 = Debug|Any CPU
		{B6F34C08-4556-4CA1-A5D2-E1AAE0DB6C46}.Release|Any CPU.ActiveCfg = Release|Any CPU
		{B6F34C08-4556-4CA1-A5D2-E1AAE0DB6C46}.Release|Any CPU.Build.0 = Release|Any CPU
		{F6B1D882-756A-4EB5-9D23-EC40DE96ADC2}.Debug|Any CPU.ActiveCfg = Debug|Any CPU
		{F6B1D882-756A-4EB5-9D23-EC40DE96ADC2}.Debug|Any CPU.Build.0 = Debug|Any CPU
		{F6B1D882-756A-4EB5-9D23-EC40DE96ADC2}.Release|Any CPU.ActiveCfg = Release|Any CPU
		{F6B1D882-756A-4EB5-9D23-EC40DE96ADC2}.Release|Any CPU.Build.0 = Release|Any CPU
		{04CBCEA9-F4DA-42A1-B3EF-CD0BD2062C38}.Debug|Any CPU.ActiveCfg = Debug|Any CPU
		{04CBCEA9-F4DA-42A1-B3EF-CD0BD2062C38}.Debug|Any CPU.Build.0 = Debug|Any CPU
		{04CBCEA9-F4DA-42A1-B3EF-CD0BD2062C38}.Release|Any CPU.ActiveCfg = Release|Any CPU
		{04CBCEA9-F4DA-42A1-B3EF-CD0BD2062C38}.Release|Any CPU.Build.0 = Release|Any CPU
		{FBC9FBDC-4867-42BC-9C31-37E2831C8BB5}.Debug|Any CPU.ActiveCfg = Debug|Any CPU
		{FBC9FBDC-4867-42BC-9C31-37E2831C8BB5}.Debug|Any CPU.Build.0 = Debug|Any CPU
		{FBC9FBDC-4867-42BC-9C31-37E2831C8BB5}.Release|Any CPU.ActiveCfg = Release|Any CPU
		{FBC9FBDC-4867-42BC-9C31-37E2831C8BB5}.Release|Any CPU.Build.0 = Release|Any CPU
		{64E6ED8B-8E8A-4FFF-9CF0-F692AE7EACA2}.Debug|Any CPU.ActiveCfg = Debug|Any CPU
		{64E6ED8B-8E8A-4FFF-9CF0-F692AE7EACA2}.Debug|Any CPU.Build.0 = Debug|Any CPU
		{64E6ED8B-8E8A-4FFF-9CF0-F692AE7EACA2}.Release|Any CPU.ActiveCfg = Release|Any CPU
		{64E6ED8B-8E8A-4FFF-9CF0-F692AE7EACA2}.Release|Any CPU.Build.0 = Release|Any CPU
		{ABC476ED-C25E-414C-80F1-D82678B693A8}.Debug|Any CPU.ActiveCfg = Debug|Any CPU
		{ABC476ED-C25E-414C-80F1-D82678B693A8}.Debug|Any CPU.Build.0 = Debug|Any CPU
		{ABC476ED-C25E-414C-80F1-D82678B693A8}.Release|Any CPU.ActiveCfg = Release|Any CPU
		{ABC476ED-C25E-414C-80F1-D82678B693A8}.Release|Any CPU.Build.0 = Release|Any CPU
		{4A925461-7005-44CA-A155-B15C73CAD38C}.Debug|Any CPU.ActiveCfg = Debug|Any CPU
		{4A925461-7005-44CA-A155-B15C73CAD38C}.Debug|Any CPU.Build.0 = Debug|Any CPU
		{4A925461-7005-44CA-A155-B15C73CAD38C}.Release|Any CPU.ActiveCfg = Release|Any CPU
		{4A925461-7005-44CA-A155-B15C73CAD38C}.Release|Any CPU.Build.0 = Release|Any CPU
		{FCE90B4C-B5D2-455A-8871-CD9BA3EFFFE8}.Debug|Any CPU.ActiveCfg = Debug|Any CPU
		{FCE90B4C-B5D2-455A-8871-CD9BA3EFFFE8}.Debug|Any CPU.Build.0 = Debug|Any CPU
		{FCE90B4C-B5D2-455A-8871-CD9BA3EFFFE8}.Release|Any CPU.ActiveCfg = Release|Any CPU
		{FCE90B4C-B5D2-455A-8871-CD9BA3EFFFE8}.Release|Any CPU.Build.0 = Release|Any CPU
	EndGlobalSection
	GlobalSection(SolutionProperties) = preSolution
		HideSolutionNode = FALSE
	EndGlobalSection
	GlobalSection(NestedProjects) = preSolution
		{B6F34C08-4556-4CA1-A5D2-E1AAE0DB6C46} = {10A2F077-039D-4D43-8D21-74FD39502DEF}
		{F6B1D882-756A-4EB5-9D23-EC40DE96ADC2} = {10A2F077-039D-4D43-8D21-74FD39502DEF}
		{04CBCEA9-F4DA-42A1-B3EF-CD0BD2062C38} = {10A2F077-039D-4D43-8D21-74FD39502DEF}
		{FBC9FBDC-4867-42BC-9C31-37E2831C8BB5} = {10A2F077-039D-4D43-8D21-74FD39502DEF}
		{64E6ED8B-8E8A-4FFF-9CF0-F692AE7EACA2} = {10A2F077-039D-4D43-8D21-74FD39502DEF}
		{ABC476ED-C25E-414C-80F1-D82678B693A8} = {10A2F077-039D-4D43-8D21-74FD39502DEF}
		{4A925461-7005-44CA-A155-B15C73CAD38C} = {06CB5C9B-838A-46E4-BC3E-C1FB95C9E063}
		{FCE90B4C-B5D2-455A-8871-CD9BA3EFFFE8} = {06CB5C9B-838A-46E4-BC3E-C1FB95C9E063}
	EndGlobalSection
	GlobalSection(ExtensibilityGlobals) = postSolution
		SolutionGuid = {C11443B2-9499-4C35-82DA-AAFC466FFA68}
	EndGlobalSection
EndGlobal
