
Microsoft Visual Studio Solution File, Format Version 12.00
# Visual Studio Version 17
VisualStudioVersion = 17.11.35312.102
MinimumVisualStudioVersion = 10.0.40219.1
Project("{9A19103F-16F7-4668-BE54-9A1E7A4F7556}") = "CartServiceConsoleApp", "ECommerceApp\CartServiceConsoleApp.csproj", "{EC0EC743-7104-4894-AD21-F7A1D0302A11}"
EndProject
Project("{9A19103F-16F7-4668-BE54-9A1E7A4F7556}") = "CartServiceConsoleAppTests", "CartServiceConsoleAppTests\CartServiceConsoleAppTests.csproj", "{4E76F698-AC8F-43E4-9FED-307F01180DB6}"
EndProject
Project("{FAE04EC0-301F-11D3-BF4B-00C04F79EFBC}") = "CartServiceWebApi", "CartServiceWebApi\CartServiceWebApi.csproj", "{AEDF4BE8-63D9-42EE-8508-73999243655A}"
EndProject
Global
	GlobalSection(SolutionConfigurationPlatforms) = preSolution
		Debug|Any CPU = Debug|Any CPU
		Release|Any CPU = Release|Any CPU
	EndGlobalSection
	GlobalSection(ProjectConfigurationPlatforms) = postSolution
		{EC0EC743-7104-4894-AD21-F7A1D0302A11}.Debug|Any CPU.ActiveCfg = Debug|Any CPU
		{EC0EC743-7104-4894-AD21-F7A1D0302A11}.Debug|Any CPU.Build.0 = Debug|Any CPU
		{EC0EC743-7104-4894-AD21-F7A1D0302A11}.Release|Any CPU.ActiveCfg = Release|Any CPU
		{EC0EC743-7104-4894-AD21-F7A1D0302A11}.Release|Any CPU.Build.0 = Release|Any CPU
		{4E76F698-AC8F-43E4-9FED-307F01180DB6}.Debug|Any CPU.ActiveCfg = Debug|Any CPU
		{4E76F698-AC8F-43E4-9FED-307F01180DB6}.Debug|Any CPU.Build.0 = Debug|Any CPU
		{4E76F698-AC8F-43E4-9FED-307F01180DB6}.Release|Any CPU.ActiveCfg = Release|Any CPU
		{4E76F698-AC8F-43E4-9FED-307F01180DB6}.Release|Any CPU.Build.0 = Release|Any CPU
		{AEDF4BE8-63D9-42EE-8508-73999243655A}.Debug|Any CPU.ActiveCfg = Debug|Any CPU
		{AEDF4BE8-63D9-42EE-8508-73999243655A}.Debug|Any CPU.Build.0 = Debug|Any CPU
		{AEDF4BE8-63D9-42EE-8508-73999243655A}.Release|Any CPU.ActiveCfg = Release|Any CPU
		{AEDF4BE8-63D9-42EE-8508-73999243655A}.Release|Any CPU.Build.0 = Release|Any CPU
	EndGlobalSection
	GlobalSection(SolutionProperties) = preSolution
		HideSolutionNode = FALSE
	EndGlobalSection
	GlobalSection(ExtensibilityGlobals) = postSolution
		SolutionGuid = {C11443B2-9499-4C35-82DA-AAFC466FFA68}
	EndGlobalSection
EndGlobal
